
Microsoft Visual Studio Solution File, Format Version 12.00
# Visual Studio Version 16
VisualStudioVersion = 16.0.32228.343
MinimumVisualStudioVersion = 10.0.40219.1
Project("{9A19103F-16F7-4668-BE54-9A1E7A4F7556}") = "WebApplication1", "WebApplication1.csproj", "{777A73BC-D418-4F7A-A6FE-FB34F802B9E6}"
EndProject
Project("{FAE04EC0-301F-11D3-BF4B-00C04F79EFBC}") = "TestProject1", "\TestProject1\TestProject1.csproj", "{C010E06D-BA35-48F7-AEC6-6B2248EE26D1}"
EndProject
Global
	GlobalSection(SolutionConfigurationPlatforms) = preSolution
		Debug|Any CPU = Debug|Any CPU
		Release|Any CPU = Release|Any CPU
	EndGlobalSection
	GlobalSection(ProjectConfigurationPlatforms) = postSolution
		{777A73BC-D418-4F7A-A6FE-FB34F802B9E6}.Debug|Any CPU.ActiveCfg = Debug|Any CPU
		{777A73BC-D418-4F7A-A6FE-FB34F802B9E6}.Debug|Any CPU.Build.0 = Debug|Any CPU
		{777A73BC-D418-4F7A-A6FE-FB34F802B9E6}.Release|Any CPU.ActiveCfg = Release|Any CPU
		{777A73BC-D418-4F7A-A6FE-FB34F802B9E6}.Release|Any CPU.Build.0 = Release|Any CPU
		{C010E06D-BA35-48F7-AEC6-6B2248EE26D1}.Debug|Any CPU.ActiveCfg = Debug|Any CPU
		{C010E06D-BA35-48F7-AEC6-6B2248EE26D1}.Debug|Any CPU.Build.0 = Debug|Any CPU
		{C010E06D-BA35-48F7-AEC6-6B2248EE26D1}.Release|Any CPU.ActiveCfg = Release|Any CPU
		{C010E06D-BA35-48F7-AEC6-6B2248EE26D1}.Release|Any CPU.Build.0 = Release|Any CPU
	EndGlobalSection
	GlobalSection(SolutionProperties) = preSolution
		HideSolutionNode = FALSE
	EndGlobalSection
	GlobalSection(ExtensibilityGlobals) = postSolution
		SolutionGuid = {2CEC3874-F969-45D5-AF52-4EFEF3230B05}
	EndGlobalSection
EndGlobal
